
Microsoft Visual Studio Solution File, Format Version 12.00
# Visual Studio Version 17
VisualStudioVersion = 17.9.34714.143
MinimumVisualStudioVersion = 10.0.40219.1
Project("{9A19103F-16F7-4668-BE54-9A1E7A4F7556}") = "SvgPlotting", "SvgPlotting\SvgPlotting.csproj", "{BFBC111F-6A84-4BDB-B377-01A41C6CDCBD}"
EndProject
Project("{9A19103F-16F7-4668-BE54-9A1E7A4F7556}") = "SvgPlottingExample", "SvgPlottingExample\SvgPlottingExample.csproj", "{526A8250-9BFF-4FBD-9DE2-B3891A3F8E36}"
EndProject
Global
	GlobalSection(SolutionConfigurationPlatforms) = preSolution
		Debug|Any CPU = Debug|Any CPU
		Debug|x64 = Debug|x64
		Release|Any CPU = Release|Any CPU
		Release|x64 = Release|x64
	EndGlobalSection
	GlobalSection(ProjectConfigurationPlatforms) = postSolution
		{BFBC111F-6A84-4BDB-B377-01A41C6CDCBD}.Debug|Any CPU.ActiveCfg = Debug|Any CPU
		{BFBC111F-6A84-4BDB-B377-01A41C6CDCBD}.Debug|Any CPU.Build.0 = Debug|Any CPU
		{BFBC111F-6A84-4BDB-B377-01A41C6CDCBD}.Debug|x64.ActiveCfg = Debug|Any CPU
		{BFBC111F-6A84-4BDB-B377-01A41C6CDCBD}.Debug|x64.Build.0 = Debug|Any CPU
		{BFBC111F-6A84-4BDB-B377-01A41C6CDCBD}.Release|Any CPU.ActiveCfg = Release|Any CPU
		{BFBC111F-6A84-4BDB-B377-01A41C6CDCBD}.Release|Any CPU.Build.0 = Release|Any CPU
		{BFBC111F-6A84-4BDB-B377-01A41C6CDCBD}.Release|x64.ActiveCfg = Release|Any CPU
		{BFBC111F-6A84-4BDB-B377-01A41C6CDCBD}.Release|x64.Build.0 = Release|Any CPU
		{526A8250-9BFF-4FBD-9DE2-B3891A3F8E36}.Debug|Any CPU.ActiveCfg = Debug|Any CPU
		{526A8250-9BFF-4FBD-9DE2-B3891A3F8E36}.Debug|Any CPU.Build.0 = Debug|Any CPU
		{526A8250-9BFF-4FBD-9DE2-B3891A3F8E36}.Debug|x64.ActiveCfg = Debug|Any CPU
		{526A8250-9BFF-4FBD-9DE2-B3891A3F8E36}.Debug|x64.Build.0 = Debug|Any CPU
		{526A8250-9BFF-4FBD-9DE2-B3891A3F8E36}.Release|Any CPU.ActiveCfg = Release|Any CPU
		{526A8250-9BFF-4FBD-9DE2-B3891A3F8E36}.Release|Any CPU.Build.0 = Release|Any CPU
		{526A8250-9BFF-4FBD-9DE2-B3891A3F8E36}.Release|x64.ActiveCfg = Release|Any CPU
		{526A8250-9BFF-4FBD-9DE2-B3891A3F8E36}.Release|x64.Build.0 = Release|Any CPU
	EndGlobalSection
	GlobalSection(SolutionProperties) = preSolution
		HideSolutionNode = FALSE
	EndGlobalSection
	GlobalSection(ExtensibilityGlobals) = postSolution
		SolutionGuid = {FDD3E804-ED9D-4915-BF10-53B03599B29A}
	EndGlobalSection
EndGlobal
